<?xml version="1.0" encoding="utf-8"?>
<Project ToolsVersion="4.0" xmlns="http://schemas.microsoft.com/developer/msbuild/2003">
  <ItemGroup>
    <Filter Include="Source Files">
      <UniqueIdentifier>{4FC737F1-C7A5-4376-A066-2A32D752A2FF}</UniqueIdentifier>
      <Extensions>cpp;c;cc;cxx;c++;cppm;ixx;def;odl;idl;hpj;bat;asm;asmx</Extensions>
    </Filter>
    <Filter Include="Header Files">
      <UniqueIdentifier>{93995380-89BD-4b04-88EB-625FBE52EBFB}</UniqueIdentifier>
      <Extensions>h;hh;hpp;hxx;h++;hm;inl;inc;ipp;xsd</Extensions>
    </Filter>
    <Filter Include="Resource Files">
      <UniqueIdentifier>{67DA6AB6-F800-4c08-8B7A-83BB121AAD01}</UniqueIdentifier>
      <Extensions>rc;ico;cur;bmp;dlg;rc2;rct;bin;rgs;gif;jpg;jpeg;jpe;resx;tiff;tif;png;wav;mfcribbon-ms</Extensions>
    </Filter>
    <Filter Include="Source Files\shader">
      <UniqueIdentifier>{02368287-6020-4e61-8d40-e559f3e47999}</UniqueIdentifier>
    </Filter>
    <Filter Include="Source Files\ObjectLoader">
      <UniqueIdentifier>{dd57375b-6a65-4855-8d1e-05c6ffa1d7b5}</UniqueIdentifier>
    </Filter>
    <Filter Include="Source Files\ImGui">
      <UniqueIdentifier>{b198f7c5-a299-4923-b01d-c35cc377a79a}</UniqueIdentifier>
    </Filter>
  </ItemGroup>
  <ItemGroup>
    <ClCompile Include="source\Main.cpp">
      <Filter>Source Files</Filter>
    </ClCompile>
    <ClCompile Include="source\Shader.cpp">
      <Filter>Source Files</Filter>
    </ClCompile>
    <ClCompile Include="source\Camera.cpp">
      <Filter>Source Files</Filter>
    </ClCompile>
    <ClCompile Include="source\WindowSystem.cpp">
      <Filter>Source Files</Filter>
    </ClCompile>
    <ClCompile Include="source\glad.c">
      <Filter>Source Files</Filter>
    </ClCompile>
    <ClCompile Include="source\Renderer.cpp">
      <Filter>Source Files</Filter>
    </ClCompile>
    <ClCompile Include="source\Object.cpp">
      <Filter>Source Files\ObjectLoader</Filter>
    </ClCompile>
    <ClCompile Include="source\ImGuiManager.cpp">
      <Filter>Source Files</Filter>
    </ClCompile>
    <ClCompile Include="source\imgui\imgui.cpp">
      <Filter>Source Files\ImGui</Filter>
    </ClCompile>
    <ClCompile Include="source\imgui\imgui_draw.cpp">
      <Filter>Source Files\ImGui</Filter>
    </ClCompile>
    <ClCompile Include="source\imgui\imgui_impl_glfw.cpp">
      <Filter>Source Files\ImGui</Filter>
    </ClCompile>
    <ClCompile Include="source\imgui\imgui_impl_opengl3.cpp">
      <Filter>Source Files\ImGui</Filter>
    </ClCompile>
    <ClCompile Include="source\imgui\imgui_widgets.cpp">
      <Filter>Source Files\ImGui</Filter>
    </ClCompile>
  </ItemGroup>
  <ItemGroup>
    <ClInclude Include="source\Shader.h">
      <Filter>Source Files</Filter>
    </ClInclude>
    <ClInclude Include="source\Camera.h">
      <Filter>Source Files</Filter>
    </ClInclude>
    <ClInclude Include="source\MeshData.h">
      <Filter>Source Files</Filter>
    </ClInclude>
    <ClInclude Include="source\WindowSystem.h">
      <Filter>Source Files</Filter>
    </ClInclude>
    <ClInclude Include="source\Renderer.h">
      <Filter>Source Files</Filter>
    </ClInclude>
    <ClInclude Include="source\Object.h">
      <Filter>Source Files\ObjectLoader</Filter>
    </ClInclude>
    <ClInclude Include="source\ImGuiManager.h">
      <Filter>Source Files</Filter>
    </ClInclude>
    <ClInclude Include="source\imgui\imconfig.h">
      <Filter>Source Files\ImGui</Filter>
    </ClInclude>
    <ClInclude Include="source\imgui\imgui.h">
      <Filter>Source Files\ImGui</Filter>
    </ClInclude>
    <ClInclude Include="source\imgui\imgui_impl_glfw.h">
      <Filter>Source Files\ImGui</Filter>
    </ClInclude>
    <ClInclude Include="source\imgui\imgui_impl_opengl3.h">
      <Filter>Source Files\ImGui</Filter>
    </ClInclude>
    <ClInclude Include="source\imgui\imgui_internal.h">
      <Filter>Source Files\ImGui</Filter>
    </ClInclude>
    <ClInclude Include="source\imgui\imstb_rectpack.h">
      <Filter>Source Files\ImGui</Filter>
    </ClInclude>
    <ClInclude Include="source\imgui\imstb_textedit.h">
      <Filter>Source Files\ImGui</Filter>
    </ClInclude>
    <ClInclude Include="source\imgui\imstb_truetype.h">
      <Filter>Source Files\ImGui</Filter>
    </ClInclude>
  </ItemGroup>
  <ItemGroup>
    <None Include="shader\Shader.fs">
      <Filter>Source Files\shader</Filter>
    </None>
    <None Include="shader\Shader.vs">
      <Filter>Source Files\shader</Filter>
    </None>
  </ItemGroup>
</Project>